
Microsoft Visual Studio Solution File, Format Version 12.00
# Visual Studio Version 17
VisualStudioVersion = 17.2.32602.215
MinimumVisualStudioVersion = 10.0.40219.1
Project("{9A19103F-16F7-4668-BE54-9A1E7A4F7556}") = "Sample", "Sample\Sample.csproj", "{0403C207-AC44-44A7-B55F-694C7821A81D}"
EndProject
Project("{FAE04EC0-301F-11D3-BF4B-00C04F79EFBC}") = "Services", "Services\Services.csproj", "{EFA4E168-6411-45F3-809F-8FFFA21E0ACA}"
EndProject
Project("{FAE04EC0-301F-11D3-BF4B-00C04F79EFBC}") = "WebAPI", "WebAPI\WebAPI.csproj", "{43A8A83F-1C2E-41AD-8718-3B3323B65DCC}"
EndProject
Global
	GlobalSection(SolutionConfigurationPlatforms) = preSolution
		Debug|Any CPU = Debug|Any CPU
		Release|Any CPU = Release|Any CPU
	EndGlobalSection
	GlobalSection(ProjectConfigurationPlatforms) = postSolution
		{0403C207-AC44-44A7-B55F-694C7821A81D}.Debug|Any CPU.ActiveCfg = Debug|Any CPU
		{0403C207-AC44-44A7-B55F-694C7821A81D}.Debug|Any CPU.Build.0 = Debug|Any CPU
		{0403C207-AC44-44A7-B55F-694C7821A81D}.Release|Any CPU.ActiveCfg = Release|Any CPU
		{0403C207-AC44-44A7-B55F-694C7821A81D}.Release|Any CPU.Build.0 = Release|Any CPU
		{EFA4E168-6411-45F3-809F-8FFFA21E0ACA}.Debug|Any CPU.ActiveCfg = Debug|Any CPU
		{EFA4E168-6411-45F3-809F-8FFFA21E0ACA}.Debug|Any CPU.Build.0 = Debug|Any CPU
		{EFA4E168-6411-45F3-809F-8FFFA21E0ACA}.Release|Any CPU.ActiveCfg = Release|Any CPU
		{EFA4E168-6411-45F3-809F-8FFFA21E0ACA}.Release|Any CPU.Build.0 = Release|Any CPU
		{43A8A83F-1C2E-41AD-8718-3B3323B65DCC}.Debug|Any CPU.ActiveCfg = Debug|Any CPU
		{43A8A83F-1C2E-41AD-8718-3B3323B65DCC}.Debug|Any CPU.Build.0 = Debug|Any CPU
		{43A8A83F-1C2E-41AD-8718-3B3323B65DCC}.Release|Any CPU.ActiveCfg = Release|Any CPU
		{43A8A83F-1C2E-41AD-8718-3B3323B65DCC}.Release|Any CPU.Build.0 = Release|Any CPU
	EndGlobalSection
	GlobalSection(SolutionProperties) = preSolution
		HideSolutionNode = FALSE
	EndGlobalSection
	GlobalSection(ExtensibilityGlobals) = postSolution
		SolutionGuid = {2B995932-D61A-4722-970B-E5F6FB75403C}
	EndGlobalSection
EndGlobal
